{
  "name": "skitstudio-promo",
  "version": "1.0.0",
  "lockfileVersion": 3,
  "requires": true,
  "packages": {
    "": {
      "name": "skitstudio-promo",
      "version": "1.0.0",
      "devDependencies": {
        "@diffusionstudio/jsx": "^0.207.0",
        "solid-js": "^1.9.10",
        "typescript": "~5.9.3"
      }
    },
    "node_modules/@diffusionstudio/jsx": {
      "version": "0.207.0",
      "resolved": "https://registry.npmjs.org/@diffusionstudio/jsx/-/jsx-0.207.0.tgz",
      "integrity": "sha512-b95w3tuwVi0ZUqQONfy9iS+ggZE4T7F/i5YHY1qw1ib+QkxvXC3bi940Z9s2p+13wxRrBlc21wU5iNOkK2k3HQ==",
      "dev": true,
      "license": "MPL-2.0",
      "dependencies": {
        "koota": "^0.6.6"
      },
      "peerDependencies": {
        "solid-js": "^1.9.0"
      }
    },
    "node_modules/csstype": {
      "version": "3.2.3",
      "resolved": "https://registry.npmjs.org/csstype/-/csstype-3.2.3.tgz",
      "integrity": "sha512-z1HGKcYy2xA8AGQfwrn0PAy+PB7X/GSj3UVJW9qKyn43xWa+gl5nXmU4qqLMRzWVLFC8KusUX8T/0kCiOYpAIQ==",
      "dev": true,
      "license": "MIT"
    },
    "node_modules/koota": {
      "version": "0.6.6",
      "resolved": "https://registry.npmjs.org/koota/-/koota-0.6.6.tgz",
      "integrity": "sha512-Fn8lSooH3u9TIP+eAMugFrOju40Ec70+sB7x1eZBB3H0Lki2hyIbFAodk3NDB/RIRzoMs54O4422BVN6SbtWfw==",
      "dev": true,
      "license": "ISC",
      "peerDependencies": {
        "@types/react": ">=18.0.0",
        "react": ">=18.0.0"
      },
      "peerDependenciesMeta": {
        "@types/react": {
          "optional": true
        },
        "react": {
          "optional": true
        }
      }
    },
    "node_modules/seroval": {
      "version": "1.5.6",
      "resolved": "https://registry.npmjs.org/seroval/-/seroval-1.5.6.tgz",
      "integrity": "sha512-rVQVWjjSvlINzaQPZH5JFqsqEsIWdTxY3iJZCnTL/5gQbXIRooVZKI60tVCkOVfzcRPejboxO2t0P89dg5mQaA==",
      "dev": true,
      "license": "MIT",
      "engines": {
        "node": ">=10"
      }
    },
    "node_modules/seroval-plugins": {
      "version": "1.5.6",
      "resolved": "https://registry.npmjs.org/seroval-plugins/-/seroval-plugins-1.5.6.tgz",
      "integrity": "sha512-HXuLAX2pu/UByPpaeo/TaMfvMIi+1QqIoPJYCcAtU8QkVNwgR6MPlGuCQTErV1JwraaMbYaWVIBX7mppzGLATQ==",
      "dev": true,
      "license": "MIT",
      "engines": {
        "node": ">=10"
      },
      "peerDependencies": {
        "seroval": "^1.0"
      }
    },
    "node_modules/solid-js": {
      "version": "1.9.15",
      "resolved": "https://registry.npmjs.org/solid-js/-/solid-js-1.9.15.tgz",
      "integrity": "sha512-EeiY2xfpZJqPLjXspVEKjAII4yv8NyG//NxZ3IpOFHdUNnnTyL0uJOeS9LWGvA7cFCz5y94cjFwYlmw5Luncsg==",
      "dev": true,
      "license": "MIT",
      "dependencies": {
        "csstype": "^3.1.0",
        "seroval": "~1.5.4",
        "seroval-plugins": "~1.5.4"
      }
    },
    "node_modules/typescript": {
      "version": "5.9.3",
      "resolved": "https://registry.npmjs.org/typescript/-/typescript-5.9.3.tgz",
      "integrity": "sha512-jl1vZzPDinLr9eUt3J/t7V6FgNEw9QjvBPdysz9KfQDD41fQrC2Y4vKQdiaUpFT4bXlb1RHhLpp8wtm6M5TgSw==",
      "dev": true,
      "license": "Apache-2.0",
      "bin": {
        "tsc": "bin/tsc",
        "tsserver": "bin/tsserver"
      },
      "engines": {
        "node": ">=14.17"
      }
    }
  }
}
